
Microsoft Visual Studio Solution File, Format Version 12.00
# Visual Studio Version 16
VisualStudioVersion = 16.0.31129.286
MinimumVisualStudioVersion = 10.0.40219.1
Project("{FAE04EC0-301F-11D3-BF4B-00C04F79EFBC}") = "Git.web", "Git.web\Git.web.csproj", "{0FB0AD2F-DED8-4581-957E-7C403F2E23EC}"
EndProject
Global
	GlobalSection(SolutionConfigurationPlatforms) = preSolution
		Debug|Any CPU = Debug|Any CPU
		Release|Any CPU = Release|Any CPU
	EndGlobalSection
	GlobalSection(ProjectConfigurationPlatforms) = postSolution
		{0FB0AD2F-DED8-4581-957E-7C403F2E23EC}.Debug|Any CPU.ActiveCfg = Debug|Any CPU
		{0FB0AD2F-DED8-4581-957E-7C403F2E23EC}.Debug|Any CPU.Build.0 = Debug|Any CPU
		{0FB0AD2F-DED8-4581-957E-7C403F2E23EC}.Release|Any CPU.ActiveCfg = Release|Any CPU
		{0FB0AD2F-DED8-4581-957E-7C403F2E23EC}.Release|Any CPU.Build.0 = Release|Any CPU
	EndGlobalSection
	GlobalSection(SolutionProperties) = preSolution
		HideSolutionNode = FALSE
	EndGlobalSection
	GlobalSection(ExtensibilityGlobals) = postSolution
		SolutionGuid = {F1305ABB-C027-4AFE-9173-331B4A2F19F5}
	EndGlobalSection
EndGlobal
